
Microsoft Visual Studio Solution File, Format Version 12.00
# Visual Studio 14
VisualStudioVersion = 14.0.25420.1
MinimumVisualStudioVersion = 10.0.40219.1
Project("{FAE04EC0-301F-11D3-BF4B-00C04F79EFBC}") = "MoviesOnline", "MoviesOnline\MoviesOnline.csproj", "{8DC8BB62-A7AD-4772-A8B1-54990DA54E1B}"
EndProject
Project("{FAE04EC0-301F-11D3-BF4B-00C04F79EFBC}") = "MoviesOnline.Tests", "MoviesOnline.Tests\MoviesOnline.Tests.csproj", "{E25F15CF-2F7F-41EE-88A7-7C11C59BCDBD}"
EndProject
Global
	GlobalSection(SolutionConfigurationPlatforms) = preSolution
		Debug|Any CPU = Debug|Any CPU
		Release|Any CPU = Release|Any CPU
	EndGlobalSection
	GlobalSection(ProjectConfigurationPlatforms) = postSolution
		{8DC8BB62-A7AD-4772-A8B1-54990DA54E1B}.Debug|Any CPU.ActiveCfg = Debug|Any CPU
		{8DC8BB62-A7AD-4772-A8B1-54990DA54E1B}.Debug|Any CPU.Build.0 = Debug|Any CPU
		{8DC8BB62-A7AD-4772-A8B1-54990DA54E1B}.Release|Any CPU.ActiveCfg = Release|Any CPU
		{8DC8BB62-A7AD-4772-A8B1-54990DA54E1B}.Release|Any CPU.Build.0 = Release|Any CPU
		{E25F15CF-2F7F-41EE-88A7-7C11C59BCDBD}.Debug|Any CPU.ActiveCfg = Debug|Any CPU
		{E25F15CF-2F7F-41EE-88A7-7C11C59BCDBD}.Debug|Any CPU.Build.0 = Debug|Any CPU
		{E25F15CF-2F7F-41EE-88A7-7C11C59BCDBD}.Release|Any CPU.ActiveCfg = Release|Any CPU
		{E25F15CF-2F7F-41EE-88A7-7C11C59BCDBD}.Release|Any CPU.Build.0 = Release|Any CPU
	EndGlobalSection
	GlobalSection(SolutionProperties) = preSolution
		HideSolutionNode = FALSE
	EndGlobalSection
EndGlobal
